
Microsoft Visual Studio Solution File, Format Version 12.00
Project("{FAE04EC0-301F-11D3-BF4B-00C04F79EFBC}") = "SupportApp", "SupportApp\SupportApp.csproj", "{DF2CCBB4-5D2C-4CA1-BFB5-A3F7A2259827}"
EndProject
Global
	GlobalSection(SolutionConfigurationPlatforms) = preSolution
		Debug|Any CPU = Debug|Any CPU
		Release|Any CPU = Release|Any CPU
	EndGlobalSection
	GlobalSection(ProjectConfigurationPlatforms) = postSolution
		{DF2CCBB4-5D2C-4CA1-BFB5-A3F7A2259827}.Debug|Any CPU.ActiveCfg = Debug|Any CPU
		{DF2CCBB4-5D2C-4CA1-BFB5-A3F7A2259827}.Debug|Any CPU.Build.0 = Debug|Any CPU
		{DF2CCBB4-5D2C-4CA1-BFB5-A3F7A2259827}.Release|Any CPU.ActiveCfg = Release|Any CPU
		{DF2CCBB4-5D2C-4CA1-BFB5-A3F7A2259827}.Release|Any CPU.Build.0 = Release|Any CPU
	EndGlobalSection
EndGlobal
